{
  "name": "blob-report-ci",
  "version": "1.0.0",
  "lockfileVersion": 2,
  "requires": true,
  "packages": {
    "": {
      "name": "blob-report-ci",
      "version": "1.0.0",
      "license": "ISC",
      "devDependencies": {
        "@playwright/test": "^1.34.0-alpha-may-9-2023"
      }
    },
    "node_modules/@playwright/test": {
      "version": "1.34.0-alpha-may-9-2023",
      "resolved": "https://registry.npmjs.org/@playwright/test/-/test-1.34.0-alpha-may-9-2023.tgz",
      "integrity": "sha512-DjVtk8Ujyt6nfLE9NGs7X0yJgjhWwOrpkwK4fcpumsT7P9kPrbjG2tJgveIR1aw9CHBYSfkBK5n3SaGPkw7qWQ==",
      "dev": true,
      "dependencies": {
        "@types/node": "*",
        "playwright-core": "1.34.0-alpha-may-9-2023"
      },
      "bin": {
        "playwright": "cli.js"
      },
      "engines": {
        "node": ">=14"
      },
      "optionalDependencies": {
        "fsevents": "2.3.2"
      }
    },
    "node_modules/@types/node": {
      "version": "20.1.1",
      "resolved": "https://registry.npmjs.org/@types/node/-/node-20.1.1.tgz",
      "integrity": "sha512-uKBEevTNb+l6/aCQaKVnUModfEMjAl98lw2Si9P5y4hLu9tm6AlX2ZIoXZX6Wh9lJueYPrGPKk5WMCNHg/u6/A==",
      "dev": true
    },
    "node_modules/fsevents": {
      "version": "2.3.2",
      "resolved": "https://registry.npmjs.org/fsevents/-/fsevents-2.3.2.tgz",
      "integrity": "sha512-xiqMQR4xAeHTuB9uWm+fFRcIOgKBMiOBP+eXiyT7jsgVCq1bkVygt00oASowB7EdtpOHaaPgKt812P9ab+DDKA==",
      "dev": true,
      "hasInstallScript": true,
      "optional": true,
      "os": [
        "darwin"
      ],
      "engines": {
        "node": "^8.16.0 || ^10.6.0 || >=11.0.0"
      }
    },
    "node_modules/playwright-core": {
      "version": "1.34.0-alpha-may-9-2023",
      "resolved": "https://registry.npmjs.org/playwright-core/-/playwright-core-1.34.0-alpha-may-9-2023.tgz",
      "integrity": "sha512-/5ixTiBSBeLZil3BXfy5364GN68O/uoJ1VA93BFV4RgQAZdxbOg/xw/QTZTmV8WuzJI9JjANahdPU4rNsZ22pQ==",
      "dev": true,
      "engines": {
        "node": ">=14"
      }
    }
  },
  "dependencies": {
    "@playwright/test": {
      "version": "1.34.0-alpha-may-9-2023",
      "resolved": "https://registry.npmjs.org/@playwright/test/-/test-1.34.0-alpha-may-9-2023.tgz",
      "integrity": "sha512-DjVtk8Ujyt6nfLE9NGs7X0yJgjhWwOrpkwK4fcpumsT7P9kPrbjG2tJgveIR1aw9CHBYSfkBK5n3SaGPkw7qWQ==",
      "dev": true,
      "requires": {
        "@types/node": "*",
        "fsevents": "2.3.2",
        "playwright-core": "1.34.0-alpha-may-9-2023"
      }
    },
    "@types/node": {
      "version": "20.1.1",
      "resolved": "https://registry.npmjs.org/@types/node/-/node-20.1.1.tgz",
      "integrity": "sha512-uKBEevTNb+l6/aCQaKVnUModfEMjAl98lw2Si9P5y4hLu9tm6AlX2ZIoXZX6Wh9lJueYPrGPKk5WMCNHg/u6/A==",
      "dev": true
    },
    "fsevents": {
      "version": "2.3.2",
      "resolved": "https://registry.npmjs.org/fsevents/-/fsevents-2.3.2.tgz",
      "integrity": "sha512-xiqMQR4xAeHTuB9uWm+fFRcIOgKBMiOBP+eXiyT7jsgVCq1bkVygt00oASowB7EdtpOHaaPgKt812P9ab+DDKA==",
      "dev": true,
      "optional": true
    },
    "playwright-core": {
      "version": "1.34.0-alpha-may-9-2023",
      "resolved": "https://registry.npmjs.org/playwright-core/-/playwright-core-1.34.0-alpha-may-9-2023.tgz",
      "integrity": "sha512-/5ixTiBSBeLZil3BXfy5364GN68O/uoJ1VA93BFV4RgQAZdxbOg/xw/QTZTmV8WuzJI9JjANahdPU4rNsZ22pQ==",
      "dev": true
    }
  }
}
